{
  "meteor": {},
  "dependencies": {
    "basePackages": {
      "bootstrap-3": {},
      "auto-nprogress": {}
    },
    "packages": {
      "bootstrap-3": {
        "git": "https://github.com/mangasocial/meteor-bootstrap-3.git",
        "tag": "v3.2.0-1",
        "commit": "17a63902fc6cf1096c5289d963c66cf28b474727"
      },
      "auto-nprogress": {
        "git": "https://github.com/settinghead/meteor-auto-nprogress.git",
        "tag": "v0.2.8",
        "commit": "4c0ded2017177d2d62ad3b1950d08f7d57828daf"
      },
      "nprogress": {
        "git": "https://github.com/zhouzhuojie/meteor-nprogress.git",
        "tag": "v0.0.5",
        "commit": "bb88a057166e0f1386ab8bc0a1e080b48aa59159"
      }
    }
  }
}
